
Microsoft Visual Studio Solution File, Format Version 12.00
# Visual Studio 2013
VisualStudioVersion = 12.0.31101.0
MinimumVisualStudioVersion = 10.0.40219.1
Project("{FAE04EC0-301F-11D3-BF4B-00C04F79EFBC}") = "ClearFileName", "ClearFileName\ClearFileName.csproj", "{1C92D4E6-AE28-40F5-9D52-C5741DA34FC9}"
EndProject
Project("{FAE04EC0-301F-11D3-BF4B-00C04F79EFBC}") = "ClearFileNameWPF", "ClearFileNameWPF\ClearFileNameWPF.csproj", "{8D266E57-36FF-4885-86F4-35C8FDA67B77}"
EndProject
Global
	GlobalSection(SolutionConfigurationPlatforms) = preSolution
		Debug|Any CPU = Debug|Any CPU
		Release|Any CPU = Release|Any CPU
		WPF|Any CPU = WPF|Any CPU
	EndGlobalSection
	GlobalSection(ProjectConfigurationPlatforms) = postSolution
		{1C92D4E6-AE28-40F5-9D52-C5741DA34FC9}.Debug|Any CPU.ActiveCfg = Debug|Any CPU
		{1C92D4E6-AE28-40F5-9D52-C5741DA34FC9}.Debug|Any CPU.Build.0 = Debug|Any CPU
		{1C92D4E6-AE28-40F5-9D52-C5741DA34FC9}.Release|Any CPU.ActiveCfg = Release|Any CPU
		{1C92D4E6-AE28-40F5-9D52-C5741DA34FC9}.WPF|Any CPU.ActiveCfg = WPF|Any CPU
		{8D266E57-36FF-4885-86F4-35C8FDA67B77}.Debug|Any CPU.ActiveCfg = Debug|Any CPU
		{8D266E57-36FF-4885-86F4-35C8FDA67B77}.Debug|Any CPU.Build.0 = Debug|Any CPU
		{8D266E57-36FF-4885-86F4-35C8FDA67B77}.Release|Any CPU.ActiveCfg = Release|Any CPU
		{8D266E57-36FF-4885-86F4-35C8FDA67B77}.Release|Any CPU.Build.0 = Release|Any CPU
		{8D266E57-36FF-4885-86F4-35C8FDA67B77}.WPF|Any CPU.ActiveCfg = WPF|Any CPU
		{8D266E57-36FF-4885-86F4-35C8FDA67B77}.WPF|Any CPU.Build.0 = WPF|Any CPU
	EndGlobalSection
	GlobalSection(SolutionProperties) = preSolution
		HideSolutionNode = FALSE
	EndGlobalSection
EndGlobal
